# THIS IS AN AUTOGENERATED FILE. DO NOT EDIT THIS FILE DIRECTLY.
# yarn lockfile v1


"@popperjs/core@^2.4.0":
  version "2.11.5"
  resolved "https://registry.yarnpkg.com/@popperjs/core/-/core-2.11.5.tgz#db5a11bf66bdab39569719555b0f76e138d7bd64"
  integrity sha512-9X2obfABZuDVLCgPK9aX0a/x4jaOEweTTWE2+9sr0Qqqevj2Uv5XorvusThmc9XGYpS9yI+fhh8RTafBtGposw==

classnames@^2.2.6:
  version "2.3.1"
  resolved "https://registry.yarnpkg.com/classnames/-/classnames-2.3.1.tgz#dfcfa3891e306ec1dad105d0e88f4417b8535e8e"
  integrity sha512-OlQdbZ7gLfGarSqxesMesDa5uz7KFbID8Kpq/SxIoNGDqY8lSYs0D+hhtBXhcdB3rcbXArFr7vlHheLk1voeNA==

react-pro-sidebar@^0.7.1:
  version "0.7.1"
  resolved "https://registry.yarnpkg.com/react-pro-sidebar/-/react-pro-sidebar-0.7.1.tgz#0b5edca0809ff6a23bda188c5db370f880690ee7"
  integrity sha512-Iy1X8ce4t5Vqz4CsyzjwokGUE3/IObgmYzS0ins7/2eWKle0SMUPaWdgMKFIVjtVrMr5vmjPbRicq8FxnVaf8A==
  dependencies:
    "@popperjs/core" "^2.4.0"
    classnames "^2.2.6"
    react-slidedown "^2.4.5"
    resize-observer-polyfill "^1.5.1"

react-slidedown@^2.4.5:
  version "2.4.7"
  resolved "https://registry.yarnpkg.com/react-slidedown/-/react-slidedown-2.4.7.tgz#c09e72bba8aac25018fd644ece041da771854589"
  integrity sha512-HGDfrqo70r1WVE0DwrySPdCT27/2wcZaJYh5kOnmuPSCtjDDJrNkDdn4Ep/cma2VVfwupeAGhbc2pbrGThU6VQ==
  dependencies:
    tslib "^2.0.0"

resize-observer-polyfill@^1.5.1:
  version "1.5.1"
  resolved "https://registry.yarnpkg.com/resize-observer-polyfill/-/resize-observer-polyfill-1.5.1.tgz#0e9020dd3d21024458d4ebd27e23e40269810464"
  integrity sha512-LwZrotdHOo12nQuZlHEmtuXdqGoOD0OhaxopaNFxWzInpEgaLWoVuAMbTzixuosCx2nEG58ngzW3vxdWoxIgdg==

tslib@^2.0.0:
  version "2.4.0"
  resolved "https://registry.yarnpkg.com/tslib/-/tslib-2.4.0.tgz#7cecaa7f073ce680a05847aa77be941098f36dc3"
  integrity sha512-d6xOpEDfsi2CZVlPQzGeux8XMwLT9hssAsaPYExaQMuYskwb+x1x7J371tWlbBdWHroy99KnVB6qIkUbs5X3UQ==
